
Microsoft Visual Studio Solution File, Format Version 12.00
# Visual Studio 2012
Project("{FAE04EC0-301F-11D3-BF4B-00C04F79EFBC}") = "JsonParser (Refactored)", "JsonParser (Refactored)\JsonParser (Refactored).csproj", "{01D11AC1-958D-4844-89B1-93F878A3D086}"
EndProject
Project("{FAE04EC0-301F-11D3-BF4B-00C04F79EFBC}") = "JsonFeeder", "JsonFeeder\JsonFeeder.csproj", "{7132C3A1-8A4C-409B-A99C-1266D5023427}"
EndProject
Global
	GlobalSection(SolutionConfigurationPlatforms) = preSolution
		Debug|Any CPU = Debug|Any CPU
		Release|Any CPU = Release|Any CPU
	EndGlobalSection
	GlobalSection(ProjectConfigurationPlatforms) = postSolution
		{01D11AC1-958D-4844-89B1-93F878A3D086}.Debug|Any CPU.ActiveCfg = Debug|Any CPU
		{01D11AC1-958D-4844-89B1-93F878A3D086}.Debug|Any CPU.Build.0 = Debug|Any CPU
		{01D11AC1-958D-4844-89B1-93F878A3D086}.Release|Any CPU.ActiveCfg = Release|Any CPU
		{01D11AC1-958D-4844-89B1-93F878A3D086}.Release|Any CPU.Build.0 = Release|Any CPU
		{7132C3A1-8A4C-409B-A99C-1266D5023427}.Debug|Any CPU.ActiveCfg = Debug|Any CPU
		{7132C3A1-8A4C-409B-A99C-1266D5023427}.Debug|Any CPU.Build.0 = Debug|Any CPU
		{7132C3A1-8A4C-409B-A99C-1266D5023427}.Release|Any CPU.ActiveCfg = Release|Any CPU
		{7132C3A1-8A4C-409B-A99C-1266D5023427}.Release|Any CPU.Build.0 = Release|Any CPU
	EndGlobalSection
	GlobalSection(SolutionProperties) = preSolution
		HideSolutionNode = FALSE
	EndGlobalSection
	GlobalSection(Performance) = preSolution
		HasPerformanceSessions = true
	EndGlobalSection
EndGlobal
